
Microsoft Visual Studio Solution File, Format Version 12.00
# Visual Studio Version 17
VisualStudioVersion = 17.11.35327.3
MinimumVisualStudioVersion = 10.0.40219.1
Project("{FAE04EC0-301F-11D3-BF4B-00C04F79EFBC}") = "y245060024_NDPOdevi_OzelDersSistemi", "y245060024_NDPOdevi_OzelDersSistemi\y245060024_NDPOdevi_OzelDersSistemi.csproj", "{529F2998-C643-4514-8339-6D634E5D886E}"
EndProject
Global
	GlobalSection(SolutionConfigurationPlatforms) = preSolution
		Debug|Any CPU = Debug|Any CPU
		Release|Any CPU = Release|Any CPU
	EndGlobalSection
	GlobalSection(ProjectConfigurationPlatforms) = postSolution
		{529F2998-C643-4514-8339-6D634E5D886E}.Debug|Any CPU.ActiveCfg = Debug|Any CPU
		{529F2998-C643-4514-8339-6D634E5D886E}.Debug|Any CPU.Build.0 = Debug|Any CPU
		{529F2998-C643-4514-8339-6D634E5D886E}.Release|Any CPU.ActiveCfg = Release|Any CPU
		{529F2998-C643-4514-8339-6D634E5D886E}.Release|Any CPU.Build.0 = Release|Any CPU
	EndGlobalSection
	GlobalSection(SolutionProperties) = preSolution
		HideSolutionNode = FALSE
	EndGlobalSection
	GlobalSection(ExtensibilityGlobals) = postSolution
		SolutionGuid = {27309267-4C9A-47D1-A346-AB34CB72A667}
	EndGlobalSection
EndGlobal
